
Microsoft Visual Studio Solution File, Format Version 12.00
# Visual Studio 2013
VisualStudioVersion = 12.0.40629.0
MinimumVisualStudioVersion = 10.0.40219.1
Project("{888888A0-9F3D-457C-B088-3A5042F75D52}") = "molnframework", "molnframework.pyproj", "{47AA7838-9648-4F54-8E41-BA56348BBB50}"
EndProject
Project("{888888A0-9F3D-457C-B088-3A5042F75D52}") = "sample", "sample.pyproj", "{0CDEF47F-9D9D-48BB-B239-E9C041FE1D01}"
EndProject
Project("{888888A0-9F3D-457C-B088-3A5042F75D52}") = "molnframework_server", "molnframework_server.pyproj", "{CC27B9E3-E638-4C29-BC52-15D034CC197C}"
EndProject
Project("{888888A0-9F3D-457C-B088-3A5042F75D52}") = "molnframework_api", "molnframework_api\molnframework_api.pyproj", "{5B747187-F613-45D2-8310-30CE48A528E9}"
EndProject
Project("{888888A0-9F3D-457C-B088-3A5042F75D52}") = "shell", "shell\shell.pyproj", "{C0D8A903-8B95-4D68-A2AE-5D967BD4C678}"
EndProject
Project("{2150E333-8FDC-42A3-9474-1A3956D46DE8}") = "samples", "samples", "{D1AC3A1F-328C-429C-AB91-014ED518CED1}"
EndProject
Project("{2150E333-8FDC-42A3-9474-1A3956D46DE8}") = "lib", "lib", "{13B92E76-8048-48C3-AF77-5C26906C67C4}"
EndProject
Project("{888888A0-9F3D-457C-B088-3A5042F75D52}") = "airfoilsimulation", "airfoilsimulation\airfoilsimulation.pyproj", "{4960A61E-CDFB-44E8-9387-B1241E344C44}"
EndProject
Global
	GlobalSection(SolutionConfigurationPlatforms) = preSolution
		Debug|Any CPU = Debug|Any CPU
		Release|Any CPU = Release|Any CPU
	EndGlobalSection
	GlobalSection(ProjectConfigurationPlatforms) = postSolution
		{47AA7838-9648-4F54-8E41-BA56348BBB50}.Debug|Any CPU.ActiveCfg = Debug|Any CPU
		{47AA7838-9648-4F54-8E41-BA56348BBB50}.Release|Any CPU.ActiveCfg = Release|Any CPU
		{0CDEF47F-9D9D-48BB-B239-E9C041FE1D01}.Debug|Any CPU.ActiveCfg = Debug|Any CPU
		{0CDEF47F-9D9D-48BB-B239-E9C041FE1D01}.Release|Any CPU.ActiveCfg = Release|Any CPU
		{CC27B9E3-E638-4C29-BC52-15D034CC197C}.Debug|Any CPU.ActiveCfg = Debug|Any CPU
		{CC27B9E3-E638-4C29-BC52-15D034CC197C}.Release|Any CPU.ActiveCfg = Release|Any CPU
		{5B747187-F613-45D2-8310-30CE48A528E9}.Debug|Any CPU.ActiveCfg = Debug|Any CPU
		{5B747187-F613-45D2-8310-30CE48A528E9}.Release|Any CPU.ActiveCfg = Release|Any CPU
		{C0D8A903-8B95-4D68-A2AE-5D967BD4C678}.Debug|Any CPU.ActiveCfg = Debug|Any CPU
		{C0D8A903-8B95-4D68-A2AE-5D967BD4C678}.Release|Any CPU.ActiveCfg = Release|Any CPU
		{4960A61E-CDFB-44E8-9387-B1241E344C44}.Debug|Any CPU.ActiveCfg = Debug|Any CPU
		{4960A61E-CDFB-44E8-9387-B1241E344C44}.Release|Any CPU.ActiveCfg = Release|Any CPU
	EndGlobalSection
	GlobalSection(SolutionProperties) = preSolution
		HideSolutionNode = FALSE
	EndGlobalSection
	GlobalSection(NestedProjects) = preSolution
		{47AA7838-9648-4F54-8E41-BA56348BBB50} = {13B92E76-8048-48C3-AF77-5C26906C67C4}
		{0CDEF47F-9D9D-48BB-B239-E9C041FE1D01} = {D1AC3A1F-328C-429C-AB91-014ED518CED1}
		{CC27B9E3-E638-4C29-BC52-15D034CC197C} = {13B92E76-8048-48C3-AF77-5C26906C67C4}
		{5B747187-F613-45D2-8310-30CE48A528E9} = {13B92E76-8048-48C3-AF77-5C26906C67C4}
		{C0D8A903-8B95-4D68-A2AE-5D967BD4C678} = {D1AC3A1F-328C-429C-AB91-014ED518CED1}
		{4960A61E-CDFB-44E8-9387-B1241E344C44} = {D1AC3A1F-328C-429C-AB91-014ED518CED1}
	EndGlobalSection
EndGlobal
